
Microsoft Visual Studio Solution File, Format Version 11.00
# Visual Studio 2010
Project("{FAE04EC0-301F-11D3-BF4B-00C04F79EFBC}") = "Assembly-CSharp", "Assembly-CSharp.csproj", "{937F392E-3654-20C2-9BDA-FB3961E8AD66}"
EndProject
Project("{FAE04EC0-301F-11D3-BF4B-00C04F79EFBC}") = "Assembly-CSharp-Editor", "Assembly-CSharp-Editor.csproj", "{C3F2859C-8B4A-E6EF-27BB-B8FAD194DC64}"
EndProject
Global
	GlobalSection(SolutionConfigurationPlatforms) = preSolution
		Debug|Any CPU = Debug|Any CPU
		Release|Any CPU = Release|Any CPU
	EndGlobalSection
	GlobalSection(ProjectConfigurationPlatforms) = postSolution
		{937F392E-3654-20C2-9BDA-FB3961E8AD66}.Debug|Any CPU.ActiveCfg = Debug|Any CPU
		{937F392E-3654-20C2-9BDA-FB3961E8AD66}.Debug|Any CPU.Build.0 = Debug|Any CPU
		{937F392E-3654-20C2-9BDA-FB3961E8AD66}.Release|Any CPU.ActiveCfg = Release|Any CPU
		{937F392E-3654-20C2-9BDA-FB3961E8AD66}.Release|Any CPU.Build.0 = Release|Any CPU
		{C3F2859C-8B4A-E6EF-27BB-B8FAD194DC64}.Debug|Any CPU.ActiveCfg = Debug|Any CPU
		{C3F2859C-8B4A-E6EF-27BB-B8FAD194DC64}.Debug|Any CPU.Build.0 = Debug|Any CPU
		{C3F2859C-8B4A-E6EF-27BB-B8FAD194DC64}.Release|Any CPU.ActiveCfg = Release|Any CPU
		{C3F2859C-8B4A-E6EF-27BB-B8FAD194DC64}.Release|Any CPU.Build.0 = Release|Any CPU
	EndGlobalSection
	GlobalSection(SolutionProperties) = preSolution
		HideSolutionNode = FALSE
	EndGlobalSection
	GlobalSection(MonoDevelopProperties) = preSolution
		StartupItem = Assembly-CSharp.csproj
	EndGlobalSection
EndGlobal
